
Microsoft Visual Studio Solution File, Format Version 12.00
# Visual Studio Version 17
VisualStudioVersion = 17.10.35013.160
MinimumVisualStudioVersion = 10.0.40219.1
Project("{9A19103F-16F7-4668-BE54-9A1E7A4F7556}") = "Business", "Business\Business.csproj", "{EA11748A-A12A-463B-ADFA-7250D0A62E0F}"
EndProject
Project("{9A19103F-16F7-4668-BE54-9A1E7A4F7556}") = "DataAccess", "DataAccess\DataAccess.csproj", "{E5B92868-B708-475D-8BB7-D6A273DB501E}"
EndProject
Project("{9A19103F-16F7-4668-BE54-9A1E7A4F7556}") = "Entities", "Entities\Entities.csproj", "{3496F946-105A-42B9-BDED-C64EAF565E4C}"
EndProject
Project("{9A19103F-16F7-4668-BE54-9A1E7A4F7556}") = "Core", "Core\Core.csproj", "{41B942F0-14B4-469E-A6CC-90E12E6C4D5B}"
EndProject
Project("{9A19103F-16F7-4668-BE54-9A1E7A4F7556}") = "WebApi", "WebApi\WebApi.csproj", "{2DF02236-3B66-4358-AAC7-24E74841D3FA}"
EndProject
Global
	GlobalSection(SolutionConfigurationPlatforms) = preSolution
		Debug|Any CPU = Debug|Any CPU
		Release|Any CPU = Release|Any CPU
	EndGlobalSection
	GlobalSection(ProjectConfigurationPlatforms) = postSolution
		{EA11748A-A12A-463B-ADFA-7250D0A62E0F}.Debug|Any CPU.ActiveCfg = Debug|Any CPU
		{EA11748A-A12A-463B-ADFA-7250D0A62E0F}.Debug|Any CPU.Build.0 = Debug|Any CPU
		{EA11748A-A12A-463B-ADFA-7250D0A62E0F}.Release|Any CPU.ActiveCfg = Release|Any CPU
		{EA11748A-A12A-463B-ADFA-7250D0A62E0F}.Release|Any CPU.Build.0 = Release|Any CPU
		{E5B92868-B708-475D-8BB7-D6A273DB501E}.Debug|Any CPU.ActiveCfg = Debug|Any CPU
		{E5B92868-B708-475D-8BB7-D6A273DB501E}.Debug|Any CPU.Build.0 = Debug|Any CPU
		{E5B92868-B708-475D-8BB7-D6A273DB501E}.Release|Any CPU.ActiveCfg = Release|Any CPU
		{E5B92868-B708-475D-8BB7-D6A273DB501E}.Release|Any CPU.Build.0 = Release|Any CPU
		{3496F946-105A-42B9-BDED-C64EAF565E4C}.Debug|Any CPU.ActiveCfg = Debug|Any CPU
		{3496F946-105A-42B9-BDED-C64EAF565E4C}.Debug|Any CPU.Build.0 = Debug|Any CPU
		{3496F946-105A-42B9-BDED-C64EAF565E4C}.Release|Any CPU.ActiveCfg = Release|Any CPU
		{3496F946-105A-42B9-BDED-C64EAF565E4C}.Release|Any CPU.Build.0 = Release|Any CPU
		{41B942F0-14B4-469E-A6CC-90E12E6C4D5B}.Debug|Any CPU.ActiveCfg = Debug|Any CPU
		{41B942F0-14B4-469E-A6CC-90E12E6C4D5B}.Debug|Any CPU.Build.0 = Debug|Any CPU
		{41B942F0-14B4-469E-A6CC-90E12E6C4D5B}.Release|Any CPU.ActiveCfg = Release|Any CPU
		{41B942F0-14B4-469E-A6CC-90E12E6C4D5B}.Release|Any CPU.Build.0 = Release|Any CPU
		{2DF02236-3B66-4358-AAC7-24E74841D3FA}.Debug|Any CPU.ActiveCfg = Debug|Any CPU
		{2DF02236-3B66-4358-AAC7-24E74841D3FA}.Debug|Any CPU.Build.0 = Debug|Any CPU
		{2DF02236-3B66-4358-AAC7-24E74841D3FA}.Release|Any CPU.ActiveCfg = Release|Any CPU
		{2DF02236-3B66-4358-AAC7-24E74841D3FA}.Release|Any CPU.Build.0 = Release|Any CPU
	EndGlobalSection
	GlobalSection(SolutionProperties) = preSolution
		HideSolutionNode = FALSE
	EndGlobalSection
	GlobalSection(ExtensibilityGlobals) = postSolution
		SolutionGuid = {6D73A451-E965-4D9B-AEFC-A1E0FF325253}
	EndGlobalSection
EndGlobal
